
Microsoft Visual Studio Solution File, Format Version 12.00
# Visual Studio 15
Project("{FAE04EC0-301F-11D3-BF4B-00C04F79EFBC}") = "Assembly-CSharp", "Assembly-CSharp.csproj", "{D1C7963F-C43F-ED5B-6FF5-A71A7BA5ACC6}"
EndProject
Project("{FAE04EC0-301F-11D3-BF4B-00C04F79EFBC}") = "Assembly-CSharp-Editor", "Assembly-CSharp-Editor.csproj", "{755318C4-041D-2524-55E8-1F457F51B9DE}"
EndProject
Global
	GlobalSection(SolutionConfigurationPlatforms) = preSolution
		Debug|Any CPU = Debug|Any CPU
		Release|Any CPU = Release|Any CPU
	EndGlobalSection
	GlobalSection(ProjectConfigurationPlatforms) = postSolution
		{D1C7963F-C43F-ED5B-6FF5-A71A7BA5ACC6}.Debug|Any CPU.ActiveCfg = Debug|Any CPU
		{D1C7963F-C43F-ED5B-6FF5-A71A7BA5ACC6}.Debug|Any CPU.Build.0 = Debug|Any CPU
		{D1C7963F-C43F-ED5B-6FF5-A71A7BA5ACC6}.Release|Any CPU.ActiveCfg = Release|Any CPU
		{D1C7963F-C43F-ED5B-6FF5-A71A7BA5ACC6}.Release|Any CPU.Build.0 = Release|Any CPU
		{755318C4-041D-2524-55E8-1F457F51B9DE}.Debug|Any CPU.ActiveCfg = Debug|Any CPU
		{755318C4-041D-2524-55E8-1F457F51B9DE}.Debug|Any CPU.Build.0 = Debug|Any CPU
		{755318C4-041D-2524-55E8-1F457F51B9DE}.Release|Any CPU.ActiveCfg = Release|Any CPU
		{755318C4-041D-2524-55E8-1F457F51B9DE}.Release|Any CPU.Build.0 = Release|Any CPU
	EndGlobalSection
	GlobalSection(SolutionProperties) = preSolution
		HideSolutionNode = FALSE
	EndGlobalSection
EndGlobal
